// !$*UTF8*$!
{
	archiveVersion = 1;
	classes = {
	};
	objectVersion = 46;
	objects = {

/* Begin PBXBuildFile section */
		5B07B63316F2ED7900AD1A46 /* FFGLExtensions.cpp in Sources */ = {isa = PBXBuildFile; fileRef = 5B07B5A516F2ED7800AD1A46 /* FFGLExtensions.cpp */; };
		5B07B63416F2ED7900AD1A46 /* FFGLFBO.cpp in Sources */ = {isa = PBXBuildFile; fileRef = 5B07B5A616F2ED7800AD1A46 /* FFGLFBO.cpp */; };
		5B07B63516F2ED7900AD1A46 /* FFGLShader.cpp in Sources */ = {isa = PBXBuildFile; fileRef = 5B07B5A716F2ED7800AD1A46 /* FFGLShader.cpp */; };
		5B07B65816F2ED7900AD1A46 /* FFGL.cpp in Sources */ = {isa = PBXBuildFile; fileRef = 5B07B5D916F2ED7800AD1A46 /* FFGL.cpp */; };
		5B07B65E16F2ED7900AD1A46 /* FFGLPluginInfo.cpp in Sources */ = {isa = PBXBuildFile; fileRef = 5B07B5E916F2ED7800AD1A46 /* FFGLPluginInfo.cpp */; };
		5B07B65F16F2ED7900AD1A46 /* FFGLPluginInfoData.cpp in Sources */ = {isa = PBXBuildFile; fileRef = 5B07B5EB16F2ED7800AD1A46 /* FFGLPluginInfoData.cpp */; };
		5B07B66016F2ED7900AD1A46 /* FFGLPluginManager.cpp in Sources */ = {isa = PBXBuildFile; fileRef = 5B07B5EC16F2ED7800AD1A46 /* FFGLPluginManager.cpp */; };
		5B07B66116F2ED7900AD1A46 /* FFGLPluginSDK.cpp in Sources */ = {isa = PBXBuildFile; fileRef = 5B07B5EF16F2ED7800AD1A46 /* FFGLPluginSDK.cpp */; };
		5B0FCE8B1793D806004E2E35 /* PluginDefinition.cpp in Sources */ = {isa = PBXBuildFile; fileRef = 5B0FCE891793D806004E2E35 /* PluginDefinition.cpp */; };
		5B3022B418485D6A005C75A8 /* FFGLExtensions.cpp in Sources */ = {isa = PBXBuildFile; fileRef = 5B07B5A516F2ED7800AD1A46 /* FFGLExtensions.cpp */; };
		5B3022B518485D6A005C75A8 /* FFGLFBO.cpp in Sources */ = {isa = PBXBuildFile; fileRef = 5B07B5A616F2ED7800AD1A46 /* FFGLFBO.cpp */; };
		5B3022B618485D6A005C75A8 /* FFGLShader.cpp in Sources */ = {isa = PBXBuildFile; fileRef = 5B07B5A716F2ED7800AD1A46 /* FFGLShader.cpp */; };
		5B3022B718485D6A005C75A8 /* FFGL.cpp in Sources */ = {isa = PBXBuildFile; fileRef = 5B07B5D916F2ED7800AD1A46 /* FFGL.cpp */; };
		5B3022B818485D6A005C75A8 /* FFGLPluginInfo.cpp in Sources */ = {isa = PBXBuildFile; fileRef = 5B07B5E916F2ED7800AD1A46 /* FFGLPluginInfo.cpp */; };
		5B3022B918485D6A005C75A8 /* FFGLPluginInfoData.cpp in Sources */ = {isa = PBXBuildFile; fileRef = 5B07B5EB16F2ED7800AD1A46 /* FFGLPluginInfoData.cpp */; };
		5B3022BA18485D6A005C75A8 /* FFGLPluginManager.cpp in Sources */ = {isa = PBXBuildFile; fileRef = 5B07B5EC16F2ED7800AD1A46 /* FFGLPluginManager.cpp */; };
		5B3022BB18485D6A005C75A8 /* FFGLPluginSDK.cpp in Sources */ = {isa = PBXBuildFile; fileRef = 5B07B5EF16F2ED7800AD1A46 /* FFGLPluginSDK.cpp */; };
		5B3022BC18485D6A005C75A8 /* PluginDefinition.cpp in Sources */ = {isa = PBXBuildFile; fileRef = 5B0FCE891793D806004E2E35 /* PluginDefinition.cpp */; };
		5B3022C418485F4F005C75A8 /* Average.cpp in Sources */ = {isa = PBXBuildFile; fileRef = 5B3022AF18485D5E005C75A8 /* Average.cpp */; };
		5B8123AD1842EA9A0076EB97 /* FFGLExtensions.cpp in Sources */ = {isa = PBXBuildFile; fileRef = 5B07B5A516F2ED7800AD1A46 /* FFGLExtensions.cpp */; };
		5B8123AE1842EA9A0076EB97 /* FFGLFBO.cpp in Sources */ = {isa = PBXBuildFile; fileRef = 5B07B5A616F2ED7800AD1A46 /* FFGLFBO.cpp */; };
		5B8123AF1842EA9A0076EB97 /* FFGLShader.cpp in Sources */ = {isa = PBXBuildFile; fileRef = 5B07B5A716F2ED7800AD1A46 /* FFGLShader.cpp */; };
		5B8123B01842EA9A0076EB97 /* FFGL.cpp in Sources */ = {isa = PBXBuildFile; fileRef = 5B07B5D916F2ED7800AD1A46 /* FFGL.cpp */; };
		5B8123B11842EA9A0076EB97 /* FFGLPluginInfo.cpp in Sources */ = {isa = PBXBuildFile; fileRef = 5B07B5E916F2ED7800AD1A46 /* FFGLPluginInfo.cpp */; };
		5B8123B21842EA9A0076EB97 /* FFGLPluginInfoData.cpp in Sources */ = {isa = PBXBuildFile; fileRef = 5B07B5EB16F2ED7800AD1A46 /* FFGLPluginInfoData.cpp */; };
		5B8123B31842EA9A0076EB97 /* FFGLPluginManager.cpp in Sources */ = {isa = PBXBuildFile; fileRef = 5B07B5EC16F2ED7800AD1A46 /* FFGLPluginManager.cpp */; };
		5B8123B41842EA9A0076EB97 /* FFGLPluginSDK.cpp in Sources */ = {isa = PBXBuildFile; fileRef = 5B07B5EF16F2ED7800AD1A46 /* FFGLPluginSDK.cpp */; };
		5B8123B51842EA9A0076EB97 /* PluginDefinition.cpp in Sources */ = {isa = PBXBuildFile; fileRef = 5B0FCE891793D806004E2E35 /* PluginDefinition.cpp */; };
		5B8123BF1842EAE90076EB97 /* Blockhead.cpp in Sources */ = {isa = PBXBuildFile; fileRef = 5B8123BD1842EAE90076EB97 /* Blockhead.cpp */; };
		5B8123C5184459F20076EB97 /* FFGLExtensions.cpp in Sources */ = {isa = PBXBuildFile; fileRef = 5B07B5A516F2ED7800AD1A46 /* FFGLExtensions.cpp */; };
		5B8123C6184459F20076EB97 /* FFGLFBO.cpp in Sources */ = {isa = PBXBuildFile; fileRef = 5B07B5A616F2ED7800AD1A46 /* FFGLFBO.cpp */; };
		5B8123C7184459F20076EB97 /* FFGLShader.cpp in Sources */ = {isa = PBXBuildFile; fileRef = 5B07B5A716F2ED7800AD1A46 /* FFGLShader.cpp */; };
		5B8123C8184459F20076EB97 /* FFGL.cpp in Sources */ = {isa = PBXBuildFile; fileRef = 5B07B5D916F2ED7800AD1A46 /* FFGL.cpp */; };
		5B8123C9184459F20076EB97 /* FFGLPluginInfo.cpp in Sources */ = {isa = PBXBuildFile; fileRef = 5B07B5E916F2ED7800AD1A46 /* FFGLPluginInfo.cpp */; };
		5B8123CA184459F20076EB97 /* FFGLPluginInfoData.cpp in Sources */ = {isa = PBXBuildFile; fileRef = 5B07B5EB16F2ED7800AD1A46 /* FFGLPluginInfoData.cpp */; };
		5B8123CB184459F20076EB97 /* FFGLPluginManager.cpp in Sources */ = {isa = PBXBuildFile; fileRef = 5B07B5EC16F2ED7800AD1A46 /* FFGLPluginManager.cpp */; };
		5B8123CC184459F20076EB97 /* FFGLPluginSDK.cpp in Sources */ = {isa = PBXBuildFile; fileRef = 5B07B5EF16F2ED7800AD1A46 /* FFGLPluginSDK.cpp */; };
		5B8123CD184459F20076EB97 /* PluginDefinition.cpp in Sources */ = {isa = PBXBuildFile; fileRef = 5B0FCE891793D806004E2E35 /* PluginDefinition.cpp */; };
		5B8123D718445AF20076EB97 /* Linecrimes.cpp in Sources */ = {isa = PBXBuildFile; fileRef = 5B8123D518445AF20076EB97 /* Linecrimes.cpp */; };
		5B8123D918445CA30076EB97 /* Grainmarch.cpp in Sources */ = {isa = PBXBuildFile; fileRef = 5BBDA4EA183F132C0058C89C /* Grainmarch.cpp */; };
		5B8123DA18445CDF0076EB97 /* GLUT.framework in Frameworks */ = {isa = PBXBuildFile; fileRef = 5B8123C01842F2E60076EB97 /* GLUT.framework */; };
		5BBDA4F1183F2ACF0058C89C /* FFGLExtensions.cpp in Sources */ = {isa = PBXBuildFile; fileRef = 5B07B5A516F2ED7800AD1A46 /* FFGLExtensions.cpp */; };
		5BBDA4F2183F2ACF0058C89C /* FFGLFBO.cpp in Sources */ = {isa = PBXBuildFile; fileRef = 5B07B5A616F2ED7800AD1A46 /* FFGLFBO.cpp */; };
		5BBDA4F3183F2ACF0058C89C /* FFGLShader.cpp in Sources */ = {isa = PBXBuildFile; fileRef = 5B07B5A716F2ED7800AD1A46 /* FFGLShader.cpp */; };
		5BBDA4F4183F2ACF0058C89C /* FFGL.cpp in Sources */ = {isa = PBXBuildFile; fileRef = 5B07B5D916F2ED7800AD1A46 /* FFGL.cpp */; };
		5BBDA4F5183F2ACF0058C89C /* FFGLPluginInfo.cpp in Sources */ = {isa = PBXBuildFile; fileRef = 5B07B5E916F2ED7800AD1A46 /* FFGLPluginInfo.cpp */; };
		5BBDA4F6183F2ACF0058C89C /* FFGLPluginInfoData.cpp in Sources */ = {isa = PBXBuildFile; fileRef = 5B07B5EB16F2ED7800AD1A46 /* FFGLPluginInfoData.cpp */; };
		5BBDA4F7183F2ACF0058C89C /* FFGLPluginManager.cpp in Sources */ = {isa = PBXBuildFile; fileRef = 5B07B5EC16F2ED7800AD1A46 /* FFGLPluginManager.cpp */; };
		5BBDA4F8183F2ACF0058C89C /* FFGLPluginSDK.cpp in Sources */ = {isa = PBXBuildFile; fileRef = 5B07B5EF16F2ED7800AD1A46 /* FFGLPluginSDK.cpp */; };
		5BBDA4F9183F2ACF0058C89C /* PluginDefinition.cpp in Sources */ = {isa = PBXBuildFile; fileRef = 5B0FCE891793D806004E2E35 /* PluginDefinition.cpp */; };
		5BBDA504183F2B430058C89C /* Tanline.cpp in Sources */ = {isa = PBXBuildFile; fileRef = 5BBDA502183F2B430058C89C /* Tanline.cpp */; };
/* End PBXBuildFile section */

/* Begin PBXFileReference section */
		2D2190970AF02BD1007154B7 /* GrainmarchFFGL-Info.plist */ = {isa = PBXFileReference; lastKnownFileType = text.plist.xml; path = "GrainmarchFFGL-Info.plist"; sourceTree = "<group>"; };
		2DA287A70AEEFE950030A4DD /* OpenGL.framework */ = {isa = PBXFileReference; lastKnownFileType = wrapper.framework; name = OpenGL.framework; path = /System/Library/Frameworks/OpenGL.framework; sourceTree = "<absolute>"; };
		5B07B56D16F2ED7800AD1A46 /* FFGL.h */ = {isa = PBXFileReference; fileEncoding = 4; lastKnownFileType = sourcecode.c.h; path = FFGL.h; sourceTree = "<group>"; };
		5B07B56E16F2ED7800AD1A46 /* FFGLExtensions.h */ = {isa = PBXFileReference; fileEncoding = 4; lastKnownFileType = sourcecode.c.h; path = FFGLExtensions.h; sourceTree = "<group>"; };
		5B07B56F16F2ED7800AD1A46 /* FFGLFBO.h */ = {isa = PBXFileReference; fileEncoding = 4; lastKnownFileType = sourcecode.c.h; path = FFGLFBO.h; sourceTree = "<group>"; };
		5B07B57016F2ED7800AD1A46 /* FFGLLib.h */ = {isa = PBXFileReference; fileEncoding = 4; lastKnownFileType = sourcecode.c.h; path = FFGLLib.h; sourceTree = "<group>"; };
		5B07B57116F2ED7800AD1A46 /* FFGLShader.h */ = {isa = PBXFileReference; fileEncoding = 4; lastKnownFileType = sourcecode.c.h; path = FFGLShader.h; sourceTree = "<group>"; };
		5B07B57216F2ED7800AD1A46 /* FreeFrame.h */ = {isa = PBXFileReference; fileEncoding = 4; lastKnownFileType = sourcecode.c.h; path = FreeFrame.h; sourceTree = "<group>"; };
		5B07B5A516F2ED7800AD1A46 /* FFGLExtensions.cpp */ = {isa = PBXFileReference; fileEncoding = 4; lastKnownFileType = sourcecode.cpp.cpp; path = FFGLExtensions.cpp; sourceTree = "<group>"; };
		5B07B5A616F2ED7800AD1A46 /* FFGLFBO.cpp */ = {isa = PBXFileReference; fileEncoding = 4; lastKnownFileType = sourcecode.cpp.cpp; path = FFGLFBO.cpp; sourceTree = "<group>"; };
		5B07B5A716F2ED7800AD1A46 /* FFGLShader.cpp */ = {isa = PBXFileReference; fileEncoding = 4; lastKnownFileType = sourcecode.cpp.cpp; path = FFGLShader.cpp; sourceTree = "<group>"; };
		5B07B5D916F2ED7800AD1A46 /* FFGL.cpp */ = {isa = PBXFileReference; fileEncoding = 4; lastKnownFileType = sourcecode.cpp.cpp; path = FFGL.cpp; sourceTree = "<group>"; };
		5B07B5E916F2ED7800AD1A46 /* FFGLPluginInfo.cpp */ = {isa = PBXFileReference; fileEncoding = 4; lastKnownFileType = sourcecode.cpp.cpp; path = FFGLPluginInfo.cpp; sourceTree = "<group>"; };
		5B07B5EA16F2ED7800AD1A46 /* FFGLPluginInfo.h */ = {isa = PBXFileReference; fileEncoding = 4; lastKnownFileType = sourcecode.c.h; path = FFGLPluginInfo.h; sourceTree = "<group>"; };
		5B07B5EB16F2ED7800AD1A46 /* FFGLPluginInfoData.cpp */ = {isa = PBXFileReference; fileEncoding = 4; lastKnownFileType = sourcecode.cpp.cpp; path = FFGLPluginInfoData.cpp; sourceTree = "<group>"; };
		5B07B5EC16F2ED7800AD1A46 /* FFGLPluginManager.cpp */ = {isa = PBXFileReference; fileEncoding = 4; lastKnownFileType = sourcecode.cpp.cpp; path = FFGLPluginManager.cpp; sourceTree = "<group>"; };
		5B07B5ED16F2ED7800AD1A46 /* FFGLPluginManager.h */ = {isa = PBXFileReference; fileEncoding = 4; lastKnownFileType = sourcecode.c.h; path = FFGLPluginManager.h; sourceTree = "<group>"; };
		5B07B5EE16F2ED7800AD1A46 /* FFGLPluginManager_inl.h */ = {isa = PBXFileReference; fileEncoding = 4; lastKnownFileType = sourcecode.c.h; path = FFGLPluginManager_inl.h; sourceTree = "<group>"; };
		5B07B5EF16F2ED7800AD1A46 /* FFGLPluginSDK.cpp */ = {isa = PBXFileReference; fileEncoding = 4; lastKnownFileType = sourcecode.cpp.cpp; path = FFGLPluginSDK.cpp; sourceTree = "<group>"; };
		5B07B5F016F2ED7800AD1A46 /* FFGLPluginSDK.h */ = {isa = PBXFileReference; fileEncoding = 4; lastKnownFileType = sourcecode.c.h; path = FFGLPluginSDK.h; sourceTree = "<group>"; };
		5B0FCE891793D806004E2E35 /* PluginDefinition.cpp */ = {isa = PBXFileReference; fileEncoding = 4; lastKnownFileType = sourcecode.cpp.cpp; path = PluginDefinition.cpp; sourceTree = "<group>"; };
		5B0FCE8A1793D806004E2E35 /* PluginDefinition.h */ = {isa = PBXFileReference; fileEncoding = 4; lastKnownFileType = sourcecode.c.h; path = PluginDefinition.h; sourceTree = "<group>"; };
		5B0FCE8D1793DCEC004E2E35 /* default_vertex_shader.glsl */ = {isa = PBXFileReference; fileEncoding = 4; lastKnownFileType = text; name = default_vertex_shader.glsl; path = plugins/default_vertex_shader.glsl; sourceTree = "<group>"; };
		5B0FCE911793DE3E004E2E35 /* Grainmarch.glsl */ = {isa = PBXFileReference; lastKnownFileType = text; name = Grainmarch.glsl; path = plugins/Grainmarch.glsl; sourceTree = "<group>"; };
		5B3022AF18485D5E005C75A8 /* Average.cpp */ = {isa = PBXFileReference; lastKnownFileType = sourcecode.cpp.cpp; name = Average.cpp; path = plugins/Average.cpp; sourceTree = "<group>"; };
		5B3022B018485D5E005C75A8 /* Average.glsl */ = {isa = PBXFileReference; lastKnownFileType = text; name = Average.glsl; path = plugins/Average.glsl; sourceTree = "<group>"; };
		5B3022C218485D6A005C75A8 /* Average.bundle */ = {isa = PBXFileReference; explicitFileType = wrapper.cfbundle; includeInIndex = 0; path = Average.bundle; sourceTree = BUILT_PRODUCTS_DIR; };
		5B3022C318485D6A005C75A8 /* Average-Info.plist */ = {isa = PBXFileReference; lastKnownFileType = text.plist.xml; name = "Average-Info.plist"; path = "/Users/dewb/dev/grainmarch/Average-Info.plist"; sourceTree = "<absolute>"; };
		5B8123A91842AD7C0076EB97 /* GrainmarchFFGL.bundle */ = {isa = PBXFileReference; explicitFileType = wrapper.cfbundle; includeInIndex = 0; path = GrainmarchFFGL.bundle; sourceTree = BUILT_PRODUCTS_DIR; };
		5B8123BB1842EA9A0076EB97 /* Blockhead.bundle */ = {isa = PBXFileReference; explicitFileType = wrapper.cfbundle; includeInIndex = 0; name = Blockhead.bundle; path = BlockheadFFGL.bundle; sourceTree = BUILT_PRODUCTS_DIR; };
		5B8123BC1842EA9A0076EB97 /* Blockhead-Info.plist */ = {isa = PBXFileReference; lastKnownFileType = text.plist.xml; name = "Blockhead-Info.plist"; path = "/Users/dewb/dev/grainmarch/Blockhead-Info.plist"; sourceTree = "<absolute>"; };
		5B8123BD1842EAE90076EB97 /* Blockhead.cpp */ = {isa = PBXFileReference; fileEncoding = 4; lastKnownFileType = sourcecode.cpp.cpp; name = Blockhead.cpp; path = plugins/Blockhead.cpp; sourceTree = "<group>"; };
		5B8123BE1842EAE90076EB97 /* Blockhead.glsl */ = {isa = PBXFileReference; fileEncoding = 4; lastKnownFileType = text; name = Blockhead.glsl; path = plugins/Blockhead.glsl; sourceTree = "<group>"; };
		5B8123C01842F2E60076EB97 /* GLUT.framework */ = {isa = PBXFileReference; lastKnownFileType = wrapper.framework; name = GLUT.framework; path = /System/Library/Frameworks/GLUT.framework; sourceTree = "<absolute>"; };
		5B8123D3184459F20076EB97 /* LinecrimesFFGL.bundle */ = {isa = PBXFileReference; explicitFileType = wrapper.cfbundle; includeInIndex = 0; path = LinecrimesFFGL.bundle; sourceTree = BUILT_PRODUCTS_DIR; };
		5B8123D4184459F20076EB97 /* Linecrimes-Info.plist */ = {isa = PBXFileReference; lastKnownFileType = text.plist.xml; name = "Linecrimes-Info.plist"; path = "/Users/dewb/dev/grainmarch/Linecrimes-Info.plist"; sourceTree = "<absolute>"; };
		5B8123D518445AF20076EB97 /* Linecrimes.cpp */ = {isa = PBXFileReference; fileEncoding = 4; lastKnownFileType = sourcecode.cpp.cpp; name = Linecrimes.cpp; path = plugins/Linecrimes.cpp; sourceTree = "<group>"; };
		5B8123D618445AF20076EB97 /* Linecrimes.glsl */ = {isa = PBXFileReference; fileEncoding = 4; lastKnownFileType = text; name = Linecrimes.glsl; path = plugins/Linecrimes.glsl; sourceTree = "<group>"; };
		5BBDA4EA183F132C0058C89C /* Grainmarch.cpp */ = {isa = PBXFileReference; fileEncoding = 4; lastKnownFileType = sourcecode.cpp.cpp; name = Grainmarch.cpp; path = plugins/Grainmarch.cpp; sourceTree = "<group>"; };
		5BBDA500183F2ACF0058C89C /* TanlineFFGL-Info.plist */ = {isa = PBXFileReference; lastKnownFileType = text.plist.xml; name = "TanlineFFGL-Info.plist"; path = "/Users/dewb/dev/grainmarch/TanlineFFGL-Info.plist"; sourceTree = "<absolute>"; };
		5BBDA502183F2B430058C89C /* Tanline.cpp */ = {isa = PBXFileReference; fileEncoding = 4; lastKnownFileType = sourcecode.cpp.cpp; name = Tanline.cpp; path = plugins/Tanline.cpp; sourceTree = "<group>"; };
		5BBDA503183F2B430058C89C /* Tanline.glsl */ = {isa = PBXFileReference; fileEncoding = 4; lastKnownFileType = text; name = Tanline.glsl; path = plugins/Tanline.glsl; sourceTree = "<group>"; };
		5BBDA507183F2E9C0058C89C /* TanlineFFGL.bundle */ = {isa = PBXFileReference; explicitFileType = wrapper.cfbundle; includeInIndex = 0; path = TanlineFFGL.bundle; sourceTree = BUILT_PRODUCTS_DIR; };
/* End PBXFileReference section */

/* Begin PBXFrameworksBuildPhase section */
		2D2190920AF02BD1007154B7 /* Frameworks */ = {
			isa = PBXFrameworksBuildPhase;
			buildActionMask = 2147483647;
			files = (
			);
			runOnlyForDeploymentPostprocessing = 0;
		};
		5B3022BE18485D6A005C75A8 /* Frameworks */ = {
			isa = PBXFrameworksBuildPhase;
			buildActionMask = 2147483647;
			files = (
			);
			runOnlyForDeploymentPostprocessing = 0;
		};
		5B8123B71842EA9A0076EB97 /* Frameworks */ = {
			isa = PBXFrameworksBuildPhase;
			buildActionMask = 2147483647;
			files = (
			);
			runOnlyForDeploymentPostprocessing = 0;
		};
		5B8123CF184459F20076EB97 /* Frameworks */ = {
			isa = PBXFrameworksBuildPhase;
			buildActionMask = 2147483647;
			files = (
				5B8123DA18445CDF0076EB97 /* GLUT.framework in Frameworks */,
			);
			runOnlyForDeploymentPostprocessing = 0;
		};
		5BBDA4FB183F2ACF0058C89C /* Frameworks */ = {
			isa = PBXFrameworksBuildPhase;
			buildActionMask = 2147483647;
			files = (
			);
			runOnlyForDeploymentPostprocessing = 0;
		};
/* End PBXFrameworksBuildPhase section */

/* Begin PBXGroup section */
		2DA285910AEE5D640030A4DD = {
			isa = PBXGroup;
			children = (
				5BBDA4ED183F13350058C89C /* plugins */,
				5B0FCE891793D806004E2E35 /* PluginDefinition.cpp */,
				5B0FCE8A1793D806004E2E35 /* PluginDefinition.h */,
				5B07B55216F2ED7800AD1A46 /* FFGLSDK_1_5 */,
				5B8123C01842F2E60076EB97 /* GLUT.framework */,
				2DA287A70AEEFE950030A4DD /* OpenGL.framework */,
				2D2190970AF02BD1007154B7 /* GrainmarchFFGL-Info.plist */,
				5BBDA500183F2ACF0058C89C /* TanlineFFGL-Info.plist */,
				5BBDA507183F2E9C0058C89C /* TanlineFFGL.bundle */,
				5B8123A91842AD7C0076EB97 /* GrainmarchFFGL.bundle */,
				5B8123BB1842EA9A0076EB97 /* Blockhead.bundle */,
				5B8123BC1842EA9A0076EB97 /* Blockhead-Info.plist */,
				5B8123D3184459F20076EB97 /* LinecrimesFFGL.bundle */,
				5B8123D4184459F20076EB97 /* Linecrimes-Info.plist */,
				5B3022C218485D6A005C75A8 /* Average.bundle */,
				5B3022C318485D6A005C75A8 /* Average-Info.plist */,
			);
			sourceTree = "<group>";
		};
		5B07B55216F2ED7800AD1A46 /* FFGLSDK_1_5 */ = {
			isa = PBXGroup;
			children = (
				5B07B56C16F2ED7800AD1A46 /* Include */,
				5B07B5A316F2ED7800AD1A46 /* Source */,
			);
			path = FFGLSDK_1_5;
			sourceTree = "<group>";
		};
		5B07B56C16F2ED7800AD1A46 /* Include */ = {
			isa = PBXGroup;
			children = (
				5B07B56D16F2ED7800AD1A46 /* FFGL.h */,
				5B07B56E16F2ED7800AD1A46 /* FFGLExtensions.h */,
				5B07B56F16F2ED7800AD1A46 /* FFGLFBO.h */,
				5B07B57016F2ED7800AD1A46 /* FFGLLib.h */,
				5B07B57116F2ED7800AD1A46 /* FFGLShader.h */,
				5B07B57216F2ED7800AD1A46 /* FreeFrame.h */,
			);
			path = Include;
			sourceTree = "<group>";
		};
		5B07B5A316F2ED7800AD1A46 /* Source */ = {
			isa = PBXGroup;
			children = (
				5B07B5A416F2ED7800AD1A46 /* Common */,
				5B07B5D816F2ED7800AD1A46 /* FFGLPlugins */,
			);
			path = Source;
			sourceTree = "<group>";
		};
		5B07B5A416F2ED7800AD1A46 /* Common */ = {
			isa = PBXGroup;
			children = (
				5B07B5A516F2ED7800AD1A46 /* FFGLExtensions.cpp */,
				5B07B5A616F2ED7800AD1A46 /* FFGLFBO.cpp */,
				5B07B5A716F2ED7800AD1A46 /* FFGLShader.cpp */,
			);
			path = Common;
			sourceTree = "<group>";
		};
		5B07B5D816F2ED7800AD1A46 /* FFGLPlugins */ = {
			isa = PBXGroup;
			children = (
				5B07B5D916F2ED7800AD1A46 /* FFGL.cpp */,
				5B07B5E916F2ED7800AD1A46 /* FFGLPluginInfo.cpp */,
				5B07B5EA16F2ED7800AD1A46 /* FFGLPluginInfo.h */,
				5B07B5EB16F2ED7800AD1A46 /* FFGLPluginInfoData.cpp */,
				5B07B5EC16F2ED7800AD1A46 /* FFGLPluginManager.cpp */,
				5B07B5ED16F2ED7800AD1A46 /* FFGLPluginManager.h */,
				5B07B5EE16F2ED7800AD1A46 /* FFGLPluginManager_inl.h */,
				5B07B5EF16F2ED7800AD1A46 /* FFGLPluginSDK.cpp */,
				5B07B5F016F2ED7800AD1A46 /* FFGLPluginSDK.h */,
			);
			path = FFGLPlugins;
			sourceTree = "<group>";
		};
		5BBDA4ED183F13350058C89C /* plugins */ = {
			isa = PBXGroup;
			children = (
				5B3022AF18485D5E005C75A8 /* Average.cpp */,
				5B3022B018485D5E005C75A8 /* Average.glsl */,
				5B8123D518445AF20076EB97 /* Linecrimes.cpp */,
				5B8123D618445AF20076EB97 /* Linecrimes.glsl */,
				5B0FCE8D1793DCEC004E2E35 /* default_vertex_shader.glsl */,
				5BBDA502183F2B430058C89C /* Tanline.cpp */,
				5BBDA503183F2B430058C89C /* Tanline.glsl */,
				5BBDA4EA183F132C0058C89C /* Grainmarch.cpp */,
				5B0FCE911793DE3E004E2E35 /* Grainmarch.glsl */,
				5B8123BD1842EAE90076EB97 /* Blockhead.cpp */,
				5B8123BE1842EAE90076EB97 /* Blockhead.glsl */,
			);
			name = plugins;
			sourceTree = "<group>";
		};
/* End PBXGroup section */

/* Begin PBXNativeTarget section */
		2D2190890AF02BD1007154B7 /* Grainmarch */ = {
			isa = PBXNativeTarget;
			buildConfigurationList = 2D2190930AF02BD1007154B7 /* Build configuration list for PBXNativeTarget "Grainmarch" */;
			buildPhases = (
				2D21908A0AF02BD1007154B7 /* Resources */,
				2D21908B0AF02BD1007154B7 /* Sources */,
				2D2190920AF02BD1007154B7 /* Frameworks */,
			);
			buildRules = (
			);
			dependencies = (
			);
			name = Grainmarch;
			productName = FFGLBrightness;
			productReference = 5B8123A91842AD7C0076EB97 /* GrainmarchFFGL.bundle */;
			productType = "com.apple.product-type.bundle";
		};
		5B3022B118485D6A005C75A8 /* Average */ = {
			isa = PBXNativeTarget;
			buildConfigurationList = 5B3022BF18485D6A005C75A8 /* Build configuration list for PBXNativeTarget "Average" */;
			buildPhases = (
				5B3022B218485D6A005C75A8 /* Resources */,
				5B3022B318485D6A005C75A8 /* Sources */,
				5B3022BE18485D6A005C75A8 /* Frameworks */,
			);
			buildRules = (
			);
			dependencies = (
			);
			name = Average;
			productName = FFGLBrightness;
			productReference = 5B3022C218485D6A005C75A8 /* Average.bundle */;
			productType = "com.apple.product-type.bundle";
		};
		5B8123AA1842EA9A0076EB97 /* Blockhead */ = {
			isa = PBXNativeTarget;
			buildConfigurationList = 5B8123B81842EA9A0076EB97 /* Build configuration list for PBXNativeTarget "Blockhead" */;
			buildPhases = (
				5B8123AB1842EA9A0076EB97 /* Resources */,
				5B8123AC1842EA9A0076EB97 /* Sources */,
				5B8123B71842EA9A0076EB97 /* Frameworks */,
			);
			buildRules = (
			);
			dependencies = (
			);
			name = Blockhead;
			productName = FFGLBrightness;
			productReference = 5B8123BB1842EA9A0076EB97 /* Blockhead.bundle */;
			productType = "com.apple.product-type.bundle";
		};
		5B8123C2184459F20076EB97 /* Linecrimes */ = {
			isa = PBXNativeTarget;
			buildConfigurationList = 5B8123D0184459F20076EB97 /* Build configuration list for PBXNativeTarget "Linecrimes" */;
			buildPhases = (
				5B8123C3184459F20076EB97 /* Resources */,
				5B8123C4184459F20076EB97 /* Sources */,
				5B8123CF184459F20076EB97 /* Frameworks */,
			);
			buildRules = (
			);
			dependencies = (
			);
			name = Linecrimes;
			productName = FFGLBrightness;
			productReference = 5B8123D3184459F20076EB97 /* LinecrimesFFGL.bundle */;
			productType = "com.apple.product-type.bundle";
		};
		5BBDA4EE183F2ACF0058C89C /* Tanline */ = {
			isa = PBXNativeTarget;
			buildConfigurationList = 5BBDA4FC183F2ACF0058C89C /* Build configuration list for PBXNativeTarget "Tanline" */;
			buildPhases = (
				5BBDA4EF183F2ACF0058C89C /* Resources */,
				5BBDA4F0183F2ACF0058C89C /* Sources */,
				5BBDA4FB183F2ACF0058C89C /* Frameworks */,
			);
			buildRules = (
			);
			dependencies = (
			);
			name = Tanline;
			productName = FFGLBrightness;
			productReference = 5BBDA507183F2E9C0058C89C /* TanlineFFGL.bundle */;
			productType = "com.apple.product-type.bundle";
		};
/* End PBXNativeTarget section */

/* Begin PBXProject section */
		2DA285930AEE5D640030A4DD /* Project object */ = {
			isa = PBXProject;
			attributes = {
				LastUpgradeCheck = 0450;
			};
			buildConfigurationList = 2DA285940AEE5D640030A4DD /* Build configuration list for PBXProject "GrainmarchFFGL" */;
			compatibilityVersion = "Xcode 3.2";
			developmentRegion = English;
			hasScannedForEncodings = 0;
			knownRegions = (
				en,
			);
			mainGroup = 2DA285910AEE5D640030A4DD;
			productRefGroup = 2DA285910AEE5D640030A4DD;
			projectDirPath = "";
			projectRoot = ../../..;
			targets = (
				2D2190890AF02BD1007154B7 /* Grainmarch */,
				5BBDA4EE183F2ACF0058C89C /* Tanline */,
				5B8123AA1842EA9A0076EB97 /* Blockhead */,
				5B8123C2184459F20076EB97 /* Linecrimes */,
				5B3022B118485D6A005C75A8 /* Average */,
			);
		};
/* End PBXProject section */

/* Begin PBXResourcesBuildPhase section */
		2D21908A0AF02BD1007154B7 /* Resources */ = {
			isa = PBXResourcesBuildPhase;
			buildActionMask = 2147483647;
			files = (
			);
			runOnlyForDeploymentPostprocessing = 0;
		};
		5B3022B218485D6A005C75A8 /* Resources */ = {
			isa = PBXResourcesBuildPhase;
			buildActionMask = 2147483647;
			files = (
			);
			runOnlyForDeploymentPostprocessing = 0;
		};
		5B8123AB1842EA9A0076EB97 /* Resources */ = {
			isa = PBXResourcesBuildPhase;
			buildActionMask = 2147483647;
			files = (
			);
			runOnlyForDeploymentPostprocessing = 0;
		};
		5B8123C3184459F20076EB97 /* Resources */ = {
			isa = PBXResourcesBuildPhase;
			buildActionMask = 2147483647;
			files = (
			);
			runOnlyForDeploymentPostprocessing = 0;
		};
		5BBDA4EF183F2ACF0058C89C /* Resources */ = {
			isa = PBXResourcesBuildPhase;
			buildActionMask = 2147483647;
			files = (
			);
			runOnlyForDeploymentPostprocessing = 0;
		};
/* End PBXResourcesBuildPhase section */

/* Begin PBXSourcesBuildPhase section */
		2D21908B0AF02BD1007154B7 /* Sources */ = {
			isa = PBXSourcesBuildPhase;
			buildActionMask = 2147483647;
			files = (
				5B07B63316F2ED7900AD1A46 /* FFGLExtensions.cpp in Sources */,
				5B07B63416F2ED7900AD1A46 /* FFGLFBO.cpp in Sources */,
				5B07B63516F2ED7900AD1A46 /* FFGLShader.cpp in Sources */,
				5B07B65816F2ED7900AD1A46 /* FFGL.cpp in Sources */,
				5B07B65E16F2ED7900AD1A46 /* FFGLPluginInfo.cpp in Sources */,
				5B07B65F16F2ED7900AD1A46 /* FFGLPluginInfoData.cpp in Sources */,
				5B07B66016F2ED7900AD1A46 /* FFGLPluginManager.cpp in Sources */,
				5B07B66116F2ED7900AD1A46 /* FFGLPluginSDK.cpp in Sources */,
				5B0FCE8B1793D806004E2E35 /* PluginDefinition.cpp in Sources */,
				5B8123D918445CA30076EB97 /* Grainmarch.cpp in Sources */,
			);
			runOnlyForDeploymentPostprocessing = 0;
		};
		5B3022B318485D6A005C75A8 /* Sources */ = {
			isa = PBXSourcesBuildPhase;
			buildActionMask = 2147483647;
			files = (
				5B3022B418485D6A005C75A8 /* FFGLExtensions.cpp in Sources */,
				5B3022B518485D6A005C75A8 /* FFGLFBO.cpp in Sources */,
				5B3022B618485D6A005C75A8 /* FFGLShader.cpp in Sources */,
				5B3022B718485D6A005C75A8 /* FFGL.cpp in Sources */,
				5B3022B818485D6A005C75A8 /* FFGLPluginInfo.cpp in Sources */,
				5B3022B918485D6A005C75A8 /* FFGLPluginInfoData.cpp in Sources */,
				5B3022BA18485D6A005C75A8 /* FFGLPluginManager.cpp in Sources */,
				5B3022BB18485D6A005C75A8 /* FFGLPluginSDK.cpp in Sources */,
				5B3022BC18485D6A005C75A8 /* PluginDefinition.cpp in Sources */,
				5B3022C418485F4F005C75A8 /* Average.cpp in Sources */,
			);
			runOnlyForDeploymentPostprocessing = 0;
		};
		5B8123AC1842EA9A0076EB97 /* Sources */ = {
			isa = PBXSourcesBuildPhase;
			buildActionMask = 2147483647;
			files = (
				5B8123AD1842EA9A0076EB97 /* FFGLExtensions.cpp in Sources */,
				5B8123AE1842EA9A0076EB97 /* FFGLFBO.cpp in Sources */,
				5B8123AF1842EA9A0076EB97 /* FFGLShader.cpp in Sources */,
				5B8123B01842EA9A0076EB97 /* FFGL.cpp in Sources */,
				5B8123B11842EA9A0076EB97 /* FFGLPluginInfo.cpp in Sources */,
				5B8123B21842EA9A0076EB97 /* FFGLPluginInfoData.cpp in Sources */,
				5B8123B31842EA9A0076EB97 /* FFGLPluginManager.cpp in Sources */,
				5B8123B41842EA9A0076EB97 /* FFGLPluginSDK.cpp in Sources */,
				5B8123B51842EA9A0076EB97 /* PluginDefinition.cpp in Sources */,
				5B8123BF1842EAE90076EB97 /* Blockhead.cpp in Sources */,
			);
			runOnlyForDeploymentPostprocessing = 0;
		};
		5B8123C4184459F20076EB97 /* Sources */ = {
			isa = PBXSourcesBuildPhase;
			buildActionMask = 2147483647;
			files = (
				5B8123C5184459F20076EB97 /* FFGLExtensions.cpp in Sources */,
				5B8123C6184459F20076EB97 /* FFGLFBO.cpp in Sources */,
				5B8123C7184459F20076EB97 /* FFGLShader.cpp in Sources */,
				5B8123C8184459F20076EB97 /* FFGL.cpp in Sources */,
				5B8123C9184459F20076EB97 /* FFGLPluginInfo.cpp in Sources */,
				5B8123CA184459F20076EB97 /* FFGLPluginInfoData.cpp in Sources */,
				5B8123CB184459F20076EB97 /* FFGLPluginManager.cpp in Sources */,
				5B8123CC184459F20076EB97 /* FFGLPluginSDK.cpp in Sources */,
				5B8123CD184459F20076EB97 /* PluginDefinition.cpp in Sources */,
				5B8123D718445AF20076EB97 /* Linecrimes.cpp in Sources */,
			);
			runOnlyForDeploymentPostprocessing = 0;
		};
		5BBDA4F0183F2ACF0058C89C /* Sources */ = {
			isa = PBXSourcesBuildPhase;
			buildActionMask = 2147483647;
			files = (
				5BBDA4F1183F2ACF0058C89C /* FFGLExtensions.cpp in Sources */,
				5BBDA4F2183F2ACF0058C89C /* FFGLFBO.cpp in Sources */,
				5BBDA4F3183F2ACF0058C89C /* FFGLShader.cpp in Sources */,
				5BBDA4F4183F2ACF0058C89C /* FFGL.cpp in Sources */,
				5BBDA4F5183F2ACF0058C89C /* FFGLPluginInfo.cpp in Sources */,
				5BBDA4F6183F2ACF0058C89C /* FFGLPluginInfoData.cpp in Sources */,
				5BBDA4F7183F2ACF0058C89C /* FFGLPluginManager.cpp in Sources */,
				5BBDA4F8183F2ACF0058C89C /* FFGLPluginSDK.cpp in Sources */,
				5BBDA4F9183F2ACF0058C89C /* PluginDefinition.cpp in Sources */,
				5BBDA504183F2B430058C89C /* Tanline.cpp in Sources */,
			);
			runOnlyForDeploymentPostprocessing = 0;
		};
/* End PBXSourcesBuildPhase section */

/* Begin XCBuildConfiguration section */
		2D2190940AF02BD1007154B7 /* Debug */ = {
			isa = XCBuildConfiguration;
			buildSettings = {
				ARCHS = "$(ARCHS_STANDARD_32_BIT)";
				CLANG_CXX_LANGUAGE_STANDARD = "c++0x";
				CLANG_CXX_LIBRARY = "libc++";
				COMBINE_HIDPI_IMAGES = YES;
				CONFIGURATION_BUILD_DIR = bin;
				COPY_PHASE_STRIP = NO;
				GCC_DYNAMIC_NO_PIC = NO;
				GCC_GENERATE_DEBUGGING_SYMBOLS = YES;
				GCC_MODEL_TUNING = G5;
				GCC_OPTIMIZATION_LEVEL = 0;
				GCC_PRECOMPILE_PREFIX_HEADER = YES;
				GCC_PREFIX_HEADER = "";
				GCC_PREPROCESSOR_DEFINITIONS = (
					"TARGET_OS_MAC=1",
					"_DEBUG=1",
				);
				HEADER_SEARCH_PATHS = (
					"$(SRCROOT)/FFGLSDK_1_5/Source/FFGLPlugins",
					"$(SRCROOT)/FFGLSDK_1_5/Include",
				);
				INFOPLIST_FILE = "GrainmarchFFGL-Info.plist";
				INSTALL_PATH = "$(HOME)/Library/Bundles";
				MACOSX_DEPLOYMENT_TARGET = "";
				OTHER_LDFLAGS = (
					"-framework",
					OpenGL,
				);
				PRODUCT_NAME = GrainmarchFFGL;
				SDKROOT = macosx;
				WRAPPER_EXTENSION = bundle;
				ZERO_LINK = NO;
			};
			name = Debug;
		};
		2D2190950AF02BD1007154B7 /* Release */ = {
			isa = XCBuildConfiguration;
			buildSettings = {
				ARCHS = "$(ARCHS_STANDARD_32_BIT)";
				CLANG_CXX_LANGUAGE_STANDARD = "c++0x";
				CLANG_CXX_LIBRARY = "libc++";
				COMBINE_HIDPI_IMAGES = YES;
				CONFIGURATION_BUILD_DIR = bin;
				COPY_PHASE_STRIP = YES;
				GCC_GENERATE_DEBUGGING_SYMBOLS = NO;
				GCC_MODEL_TUNING = G5;
				GCC_PRECOMPILE_PREFIX_HEADER = YES;
				GCC_PREFIX_HEADER = "";
				GCC_PREPROCESSOR_DEFINITIONS = "TARGET_OS_MAC=1";
				HEADER_SEARCH_PATHS = (
					"$(SRCROOT)/FFGLSDK_1_5/Source/FFGLPlugins",
					"$(SRCROOT)/FFGLSDK_1_5/Include",
					"$(SRCROOT)/gl-matrix",
				);
				INFOPLIST_FILE = "GrainmarchFFGL-Info.plist";
				INSTALL_PATH = "$(HOME)/Library/Bundles";
				MACOSX_DEPLOYMENT_TARGET = "";
				OTHER_LDFLAGS = (
					"-framework",
					OpenGL,
				);
				PRODUCT_NAME = GrainmarchFFGL;
				SDKROOT = macosx;
				WRAPPER_EXTENSION = bundle;
				ZERO_LINK = NO;
			};
			name = Release;
		};
		2DA285950AEE5D640030A4DD /* Debug */ = {
			isa = XCBuildConfiguration;
			buildSettings = {
				ARCHS = "$(ARCHS_STANDARD_32_BIT)";
				CLANG_CXX_LANGUAGE_STANDARD = "c++0x";
				CLANG_CXX_LIBRARY = "libc++";
				COPY_PHASE_STRIP = NO;
				GCC_PREPROCESSOR_DEFINITIONS = "";
				HEADER_SEARCH_PATHS = "../../../../FFGLSDK_1_5/Include/**";
				SDKROOT = macosx10.7;
			};
			name = Debug;
		};
		2DA285960AEE5D640030A4DD /* Release */ = {
			isa = XCBuildConfiguration;
			buildSettings = {
				ARCHS = "$(ARCHS_STANDARD_32_BIT)";
				CLANG_CXX_LANGUAGE_STANDARD = "c++0x";
				CLANG_CXX_LIBRARY = "libc++";
				COPY_PHASE_STRIP = YES;
				GCC_PREPROCESSOR_DEFINITIONS = "";
				HEADER_SEARCH_PATHS = "../../../../FFGLSDK_1_5/Include/**";
				SDKROOT = macosx10.7;
			};
			name = Release;
		};
		5B3022C018485D6A005C75A8 /* Debug */ = {
			isa = XCBuildConfiguration;
			buildSettings = {
				ARCHS = "$(ARCHS_STANDARD_32_BIT)";
				CLANG_CXX_LANGUAGE_STANDARD = "c++0x";
				CLANG_CXX_LIBRARY = "libc++";
				COMBINE_HIDPI_IMAGES = YES;
				CONFIGURATION_BUILD_DIR = bin;
				COPY_PHASE_STRIP = NO;
				GCC_DYNAMIC_NO_PIC = NO;
				GCC_GENERATE_DEBUGGING_SYMBOLS = YES;
				GCC_MODEL_TUNING = G5;
				GCC_OPTIMIZATION_LEVEL = 0;
				GCC_PRECOMPILE_PREFIX_HEADER = YES;
				GCC_PREFIX_HEADER = "";
				GCC_PREPROCESSOR_DEFINITIONS = (
					"TARGET_OS_MAC=1",
					"_DEBUG=1",
				);
				HEADER_SEARCH_PATHS = (
					"$(SRCROOT)/FFGLSDK_1_5/Source/FFGLPlugins",
					"$(SRCROOT)/FFGLSDK_1_5/Include",
				);
				INFOPLIST_FILE = "Average-Info.plist";
				INSTALL_PATH = "$(HOME)/Library/Bundles";
				MACOSX_DEPLOYMENT_TARGET = "";
				OTHER_LDFLAGS = (
					"-framework",
					OpenGL,
				);
				PRODUCT_NAME = Average;
				SDKROOT = macosx;
				WRAPPER_EXTENSION = bundle;
				ZERO_LINK = NO;
			};
			name = Debug;
		};
		5B3022C118485D6A005C75A8 /* Release */ = {
			isa = XCBuildConfiguration;
			buildSettings = {
				ARCHS = "$(ARCHS_STANDARD_32_BIT)";
				CLANG_CXX_LANGUAGE_STANDARD = "c++0x";
				CLANG_CXX_LIBRARY = "libc++";
				COMBINE_HIDPI_IMAGES = YES;
				CONFIGURATION_BUILD_DIR = bin;
				COPY_PHASE_STRIP = YES;
				GCC_GENERATE_DEBUGGING_SYMBOLS = NO;
				GCC_MODEL_TUNING = G5;
				GCC_PRECOMPILE_PREFIX_HEADER = YES;
				GCC_PREFIX_HEADER = "";
				GCC_PREPROCESSOR_DEFINITIONS = "TARGET_OS_MAC=1";
				HEADER_SEARCH_PATHS = (
					"$(SRCROOT)/FFGLSDK_1_5/Source/FFGLPlugins",
					"$(SRCROOT)/FFGLSDK_1_5/Include",
					"$(SRCROOT)/gl-matrix",
				);
				INFOPLIST_FILE = "Average-Info.plist";
				INSTALL_PATH = "$(HOME)/Library/Bundles";
				MACOSX_DEPLOYMENT_TARGET = "";
				OTHER_LDFLAGS = (
					"-framework",
					OpenGL,
				);
				PRODUCT_NAME = Average;
				SDKROOT = macosx;
				WRAPPER_EXTENSION = bundle;
				ZERO_LINK = NO;
			};
			name = Release;
		};
		5B8123B91842EA9A0076EB97 /* Debug */ = {
			isa = XCBuildConfiguration;
			buildSettings = {
				ARCHS = "$(ARCHS_STANDARD_32_BIT)";
				CLANG_CXX_LANGUAGE_STANDARD = "c++0x";
				CLANG_CXX_LIBRARY = "libc++";
				COMBINE_HIDPI_IMAGES = YES;
				CONFIGURATION_BUILD_DIR = bin;
				COPY_PHASE_STRIP = NO;
				GCC_DYNAMIC_NO_PIC = NO;
				GCC_GENERATE_DEBUGGING_SYMBOLS = YES;
				GCC_MODEL_TUNING = G5;
				GCC_OPTIMIZATION_LEVEL = 0;
				GCC_PRECOMPILE_PREFIX_HEADER = YES;
				GCC_PREFIX_HEADER = "";
				GCC_PREPROCESSOR_DEFINITIONS = (
					"TARGET_OS_MAC=1",
					"_DEBUG=1",
				);
				HEADER_SEARCH_PATHS = (
					"$(SRCROOT)/FFGLSDK_1_5/Source/FFGLPlugins",
					"$(SRCROOT)/FFGLSDK_1_5/Include",
				);
				INFOPLIST_FILE = "Blockhead-Info.plist";
				INSTALL_PATH = "$(HOME)/Library/Bundles";
				MACOSX_DEPLOYMENT_TARGET = "";
				OTHER_LDFLAGS = (
					"-framework",
					OpenGL,
				);
				PRODUCT_NAME = BlockheadFFGL;
				SDKROOT = macosx;
				WRAPPER_EXTENSION = bundle;
				ZERO_LINK = NO;
			};
			name = Debug;
		};
		5B8123BA1842EA9A0076EB97 /* Release */ = {
			isa = XCBuildConfiguration;
			buildSettings = {
				ARCHS = "$(ARCHS_STANDARD_32_BIT)";
				CLANG_CXX_LANGUAGE_STANDARD = "c++0x";
				CLANG_CXX_LIBRARY = "libc++";
				COMBINE_HIDPI_IMAGES = YES;
				CONFIGURATION_BUILD_DIR = bin;
				COPY_PHASE_STRIP = YES;
				GCC_GENERATE_DEBUGGING_SYMBOLS = NO;
				GCC_MODEL_TUNING = G5;
				GCC_PRECOMPILE_PREFIX_HEADER = YES;
				GCC_PREFIX_HEADER = "";
				GCC_PREPROCESSOR_DEFINITIONS = "TARGET_OS_MAC=1";
				HEADER_SEARCH_PATHS = (
					"$(SRCROOT)/FFGLSDK_1_5/Source/FFGLPlugins",
					"$(SRCROOT)/FFGLSDK_1_5/Include",
					"$(SRCROOT)/gl-matrix",
				);
				INFOPLIST_FILE = "Blockhead-Info.plist";
				INSTALL_PATH = "$(HOME)/Library/Bundles";
				MACOSX_DEPLOYMENT_TARGET = "";
				OTHER_LDFLAGS = (
					"-framework",
					OpenGL,
				);
				PRODUCT_NAME = BlockheadFFGL;
				SDKROOT = macosx;
				WRAPPER_EXTENSION = bundle;
				ZERO_LINK = NO;
			};
			name = Release;
		};
		5B8123D1184459F20076EB97 /* Debug */ = {
			isa = XCBuildConfiguration;
			buildSettings = {
				ARCHS = "$(ARCHS_STANDARD_32_BIT)";
				CLANG_CXX_LANGUAGE_STANDARD = "c++0x";
				CLANG_CXX_LIBRARY = "libc++";
				COMBINE_HIDPI_IMAGES = YES;
				CONFIGURATION_BUILD_DIR = bin;
				COPY_PHASE_STRIP = NO;
				GCC_DYNAMIC_NO_PIC = NO;
				GCC_GENERATE_DEBUGGING_SYMBOLS = YES;
				GCC_MODEL_TUNING = G5;
				GCC_OPTIMIZATION_LEVEL = 0;
				GCC_PRECOMPILE_PREFIX_HEADER = YES;
				GCC_PREFIX_HEADER = "";
				GCC_PREPROCESSOR_DEFINITIONS = (
					"TARGET_OS_MAC=1",
					"_DEBUG=1",
				);
				HEADER_SEARCH_PATHS = (
					"$(SRCROOT)/FFGLSDK_1_5/Source/FFGLPlugins",
					"$(SRCROOT)/FFGLSDK_1_5/Include",
				);
				INFOPLIST_FILE = "Linecrimes-Info.plist";
				INSTALL_PATH = "$(HOME)/Library/Bundles";
				MACOSX_DEPLOYMENT_TARGET = "";
				OTHER_LDFLAGS = (
					"-framework",
					OpenGL,
				);
				PRODUCT_NAME = LinecrimesFFGL;
				SDKROOT = macosx;
				WRAPPER_EXTENSION = bundle;
				ZERO_LINK = NO;
			};
			name = Debug;
		};
		5B8123D2184459F20076EB97 /* Release */ = {
			isa = XCBuildConfiguration;
			buildSettings = {
				ARCHS = "$(ARCHS_STANDARD_32_BIT)";
				CLANG_CXX_LANGUAGE_STANDARD = "c++0x";
				CLANG_CXX_LIBRARY = "libc++";
				COMBINE_HIDPI_IMAGES = YES;
				CONFIGURATION_BUILD_DIR = bin;
				COPY_PHASE_STRIP = YES;
				GCC_GENERATE_DEBUGGING_SYMBOLS = NO;
				GCC_MODEL_TUNING = G5;
				GCC_PRECOMPILE_PREFIX_HEADER = YES;
				GCC_PREFIX_HEADER = "";
				GCC_PREPROCESSOR_DEFINITIONS = "TARGET_OS_MAC=1";
				HEADER_SEARCH_PATHS = (
					"$(SRCROOT)/FFGLSDK_1_5/Source/FFGLPlugins",
					"$(SRCROOT)/FFGLSDK_1_5/Include",
					"$(SRCROOT)/gl-matrix",
				);
				INFOPLIST_FILE = "Linecrimes-Info.plist";
				INSTALL_PATH = "$(HOME)/Library/Bundles";
				MACOSX_DEPLOYMENT_TARGET = "";
				OTHER_LDFLAGS = (
					"-framework",
					OpenGL,
				);
				PRODUCT_NAME = LinecrimesFFGL;
				SDKROOT = macosx;
				WRAPPER_EXTENSION = bundle;
				ZERO_LINK = NO;
			};
			name = Release;
		};
		5BBDA4FD183F2ACF0058C89C /* Debug */ = {
			isa = XCBuildConfiguration;
			buildSettings = {
				ARCHS = "$(ARCHS_STANDARD_32_BIT)";
				CLANG_CXX_LANGUAGE_STANDARD = "c++0x";
				CLANG_CXX_LIBRARY = "libc++";
				COMBINE_HIDPI_IMAGES = YES;
				CONFIGURATION_BUILD_DIR = bin;
				COPY_PHASE_STRIP = NO;
				GCC_DYNAMIC_NO_PIC = NO;
				GCC_GENERATE_DEBUGGING_SYMBOLS = YES;
				GCC_MODEL_TUNING = G5;
				GCC_OPTIMIZATION_LEVEL = 0;
				GCC_PRECOMPILE_PREFIX_HEADER = YES;
				GCC_PREFIX_HEADER = "";
				GCC_PREPROCESSOR_DEFINITIONS = (
					"TARGET_OS_MAC=1",
					"_DEBUG=1",
				);
				HEADER_SEARCH_PATHS = (
					"$(SRCROOT)/FFGLSDK_1_5/Source/FFGLPlugins",
					"$(SRCROOT)/FFGLSDK_1_5/Include",
				);
				INFOPLIST_FILE = "TanlineFFGL-Info.plist";
				INSTALL_PATH = "$(HOME)/Library/Bundles";
				MACOSX_DEPLOYMENT_TARGET = "";
				OTHER_LDFLAGS = (
					"-framework",
					OpenGL,
				);
				PRODUCT_NAME = TanlineFFGL;
				SDKROOT = macosx;
				WRAPPER_EXTENSION = bundle;
				ZERO_LINK = NO;
			};
			name = Debug;
		};
		5BBDA4FE183F2ACF0058C89C /* Release */ = {
			isa = XCBuildConfiguration;
			buildSettings = {
				ARCHS = "$(ARCHS_STANDARD_32_BIT)";
				CLANG_CXX_LANGUAGE_STANDARD = "c++0x";
				CLANG_CXX_LIBRARY = "libc++";
				COMBINE_HIDPI_IMAGES = YES;
				CONFIGURATION_BUILD_DIR = bin;
				COPY_PHASE_STRIP = YES;
				GCC_GENERATE_DEBUGGING_SYMBOLS = NO;
				GCC_MODEL_TUNING = G5;
				GCC_PRECOMPILE_PREFIX_HEADER = YES;
				GCC_PREFIX_HEADER = "";
				GCC_PREPROCESSOR_DEFINITIONS = "TARGET_OS_MAC=1";
				HEADER_SEARCH_PATHS = (
					"$(SRCROOT)/FFGLSDK_1_5/Source/FFGLPlugins",
					"$(SRCROOT)/FFGLSDK_1_5/Include",
					"$(SRCROOT)/gl-matrix",
				);
				INFOPLIST_FILE = "TanlineFFGL-Info.plist";
				INSTALL_PATH = "$(HOME)/Library/Bundles";
				MACOSX_DEPLOYMENT_TARGET = "";
				OTHER_LDFLAGS = (
					"-framework",
					OpenGL,
				);
				PRODUCT_NAME = TanlineFFGL;
				SDKROOT = macosx;
				WRAPPER_EXTENSION = bundle;
				ZERO_LINK = NO;
			};
			name = Release;
		};
/* End XCBuildConfiguration section */

/* Begin XCConfigurationList section */
		2D2190930AF02BD1007154B7 /* Build configuration list for PBXNativeTarget "Grainmarch" */ = {
			isa = XCConfigurationList;
			buildConfigurations = (
				2D2190940AF02BD1007154B7 /* Debug */,
				2D2190950AF02BD1007154B7 /* Release */,
			);
			defaultConfigurationIsVisible = 0;
			defaultConfigurationName = Release;
		};
		2DA285940AEE5D640030A4DD /* Build configuration list for PBXProject "GrainmarchFFGL" */ = {
			isa = XCConfigurationList;
			buildConfigurations = (
				2DA285950AEE5D640030A4DD /* Debug */,
				2DA285960AEE5D640030A4DD /* Release */,
			);
			defaultConfigurationIsVisible = 0;
			defaultConfigurationName = Release;
		};
		5B3022BF18485D6A005C75A8 /* Build configuration list for PBXNativeTarget "Average" */ = {
			isa = XCConfigurationList;
			buildConfigurations = (
				5B3022C018485D6A005C75A8 /* Debug */,
				5B3022C118485D6A005C75A8 /* Release */,
			);
			defaultConfigurationIsVisible = 0;
			defaultConfigurationName = Release;
		};
		5B8123B81842EA9A0076EB97 /* Build configuration list for PBXNativeTarget "Blockhead" */ = {
			isa = XCConfigurationList;
			buildConfigurations = (
				5B8123B91842EA9A0076EB97 /* Debug */,
				5B8123BA1842EA9A0076EB97 /* Release */,
			);
			defaultConfigurationIsVisible = 0;
			defaultConfigurationName = Release;
		};
		5B8123D0184459F20076EB97 /* Build configuration list for PBXNativeTarget "Linecrimes" */ = {
			isa = XCConfigurationList;
			buildConfigurations = (
				5B8123D1184459F20076EB97 /* Debug */,
				5B8123D2184459F20076EB97 /* Release */,
			);
			defaultConfigurationIsVisible = 0;
			defaultConfigurationName = Release;
		};
		5BBDA4FC183F2ACF0058C89C /* Build configuration list for PBXNativeTarget "Tanline" */ = {
			isa = XCConfigurationList;
			buildConfigurations = (
				5BBDA4FD183F2ACF0058C89C /* Debug */,
				5BBDA4FE183F2ACF0058C89C /* Release */,
			);
			defaultConfigurationIsVisible = 0;
			defaultConfigurationName = Release;
		};
/* End XCConfigurationList section */
	};
	rootObject = 2DA285930AEE5D640030A4DD /* Project object */;
}
